{
  "version": "3",
  "packages": {
    "specifiers": {
      "jsr:@std/assert@^0.223.0": "jsr:@std/assert@0.223.0",
      "jsr:@std/bytes@^0.223.0": "jsr:@std/bytes@0.223.0",
      "jsr:@std/csv": "jsr:@std/csv@0.223.0",
      "jsr:@std/csv@0.223.0": "jsr:@std/csv@0.223.0",
      "jsr:@std/fmt": "jsr:@std/fmt@0.223.0",
      "jsr:@std/fmt@0.223.0": "jsr:@std/fmt@0.223.0",
      "jsr:@std/streams@^0.223.0": "jsr:@std/streams@0.223.0",
      "npm:@formkit/tempo@0.1.1": "npm:@formkit/tempo@0.1.1",
      "npm:@inquirer/prompts@5.0.1": "npm:@inquirer/prompts@5.0.1",
      "npm:@touch4it/ical-timezones@1.9.0": "npm:@touch4it/ical-timezones@1.9.0",
      "npm:@types/node": "npm:@types/node@18.16.19",
      "npm:dayjs": "npm:dayjs@1.11.10",
      "npm:dayjs@1.11.10": "npm:dayjs@1.11.10",
      "npm:dedent@1.5.3": "npm:dedent@1.5.3",
      "npm:ical-generator@7.1.0": "npm:ical-generator@7.1.0_dayjs@1.11.10",
      "npm:inquirer-autocomplete-standalone": "npm:inquirer-autocomplete-standalone@0.8.1"
    },
    "jsr": {
      "@std/assert@0.223.0": {
        "integrity": "eb8d6d879d76e1cc431205bd346ed4d88dc051c6366365b1af47034b0670be24"
      },
      "@std/bytes@0.223.0": {
        "integrity": "84b75052cd8680942c397c2631318772b295019098f40aac5c36cead4cba51a8"
      },
      "@std/csv@0.223.0": {
        "integrity": "4e2959c90efee178ae5e0024685e942b4a7e460a8b17f27dbacec68922af739c",
        "dependencies": [
          "jsr:@std/assert@^0.223.0",
          "jsr:@std/streams@^0.223.0"
        ]
      },
      "@std/fmt@0.223.0": {
        "integrity": "6deb37794127dfc7d7bded2586b9fc6f5d50e62a8134846608baf71ffc1a5208"
      },
      "@std/streams@0.223.0": {
        "integrity": "d6b28e498ced3960b04dc5d251f2dcfc1df244b5ec5a48dc23a8f9b490be3b99",
        "dependencies": [
          "jsr:@std/bytes@^0.223.0"
        ]
      }
    },
    "npm": {
      "@formkit/tempo@0.1.1": {
        "integrity": "sha512-nepRwKnCIjukLkblqh339sSXYI6P3cqktF/T7ECj3vURW+Pd+YzTv/I/lwjRqPGmlQJG93LORodIAkvgoExIAg==",
        "dependencies": {}
      },
      "@inquirer/checkbox@2.3.1": {
        "integrity": "sha512-w0B2PhvIh6SFA5uMh32FE+7xSuv1P2o/qjBb5jxgi1DB8VBFjSD3gHDsgiGDeSmfTaQDyR7/beDllIvKeA+YDw==",
        "dependencies": {
          "@inquirer/core": "@inquirer/core@8.0.1",
          "@inquirer/figures": "@inquirer/figures@1.0.1",
          "@inquirer/type": "@inquirer/type@1.3.0",
          "ansi-escapes": "ansi-escapes@4.3.2",
          "chalk": "chalk@4.1.2"
        }
      },
      "@inquirer/confirm@3.1.5": {
        "integrity": "sha512-6+dwZrpko5vr5EFEQmUbfBVhtu6IsnB8lQNsLHgO9S9fbfS5J6MuUj+NY0h98pPpYZXEazLR7qzypEDqVzf6aQ==",
        "dependencies": {
          "@inquirer/core": "@inquirer/core@8.0.1",
          "@inquirer/type": "@inquirer/type@1.3.0"
        }
      },
      "@inquirer/core@3.1.2": {
        "integrity": "sha512-lR2GaqBkp42Ew9BOAOqf2pSp+ymVES1qN8OC90WWh45yeoYLl0Ty1GyCxmkKqBJtq/+Ea1MF12AdFcZcpRNFsw==",
        "dependencies": {
          "@inquirer/type": "@inquirer/type@1.3.0",
          "@types/mute-stream": "@types/mute-stream@0.0.1",
          "@types/node": "@types/node@20.12.7",
          "@types/wrap-ansi": "@types/wrap-ansi@3.0.0",
          "ansi-escapes": "ansi-escapes@4.3.2",
          "chalk": "chalk@4.1.2",
          "cli-spinners": "cli-spinners@2.9.2",
          "cli-width": "cli-width@4.1.0",
          "figures": "figures@3.2.0",
          "mute-stream": "mute-stream@1.0.0",
          "run-async": "run-async@3.0.0",
          "strip-ansi": "strip-ansi@6.0.1",
          "wrap-ansi": "wrap-ansi@6.2.0"
        }
      },
      "@inquirer/core@8.0.1": {
        "integrity": "sha512-qJRk1y51Os2ARc11Bg2N6uIwiQ9qBSrmZeuMonaQ/ntFpb4+VlcQ8Gl1TFH67mJLz3HA2nvuave0nbv6Lu8pbg==",
        "dependencies": {
          "@inquirer/figures": "@inquirer/figures@1.0.1",
          "@inquirer/type": "@inquirer/type@1.3.0",
          "@types/mute-stream": "@types/mute-stream@0.0.4",
          "@types/node": "@types/node@20.12.7",
          "@types/wrap-ansi": "@types/wrap-ansi@3.0.0",
          "ansi-escapes": "ansi-escapes@4.3.2",
          "chalk": "chalk@4.1.2",
          "cli-spinners": "cli-spinners@2.9.2",
          "cli-width": "cli-width@4.1.0",
          "mute-stream": "mute-stream@1.0.0",
          "signal-exit": "signal-exit@4.1.0",
          "strip-ansi": "strip-ansi@6.0.1",
          "wrap-ansi": "wrap-ansi@6.2.0"
        }
      },
      "@inquirer/editor@2.1.5": {
        "integrity": "sha512-wzMc/lTt79gOCPbBH7LVCrsn36+JHwYPXchDPATYphFTS/XLy50DuM2D79/dn0VIZHfNSw4C8RZNLDUH/3YmpA==",
        "dependencies": {
          "@inquirer/core": "@inquirer/core@8.0.1",
          "@inquirer/type": "@inquirer/type@1.3.0",
          "external-editor": "external-editor@3.1.0"
        }
      },
      "@inquirer/expand@2.1.5": {
        "integrity": "sha512-XWMJWHtH4qHbr4Zxms8qq0QxzFtwGOVnQX8QnuA5HT1Ew19H6moy48pN5od2PxcZ8NuIKxsW8vSTiCidpzri9Q==",
        "dependencies": {
          "@inquirer/core": "@inquirer/core@8.0.1",
          "@inquirer/type": "@inquirer/type@1.3.0",
          "chalk": "chalk@4.1.2"
        }
      },
      "@inquirer/figures@1.0.1": {
        "integrity": "sha512-mtup3wVKia3ZwULPHcbs4Mor8Voi+iIXEWD7wCNbIO6lYR62oPCTQyrddi5OMYVXHzeCSoneZwJuS8sBvlEwDw==",
        "dependencies": {}
      },
      "@inquirer/input@2.1.5": {
        "integrity": "sha512-z4l1ISps86JZXo1OsWt8IAh4nnyXjXwcu/na2pKFkDud6DC9TLxvDPWxHmq25T40/WZCULhMQuCMDV+VccVG+A==",
        "dependencies": {
          "@inquirer/core": "@inquirer/core@8.0.1",
          "@inquirer/type": "@inquirer/type@1.3.0"
        }
      },
      "@inquirer/password@2.1.5": {
        "integrity": "sha512-uQ7zG/yOpO+OqeBg+W+Z1DY1gt+ZOW+pFGsYpqwHVIbTr17zOiUOFiInDXTWfiOk7r+hTAI7CqcJpZj/Zx6c6Q==",
        "dependencies": {
          "@inquirer/core": "@inquirer/core@8.0.1",
          "@inquirer/type": "@inquirer/type@1.3.0",
          "ansi-escapes": "ansi-escapes@4.3.2"
        }
      },
      "@inquirer/prompts@5.0.1": {
        "integrity": "sha512-prT18ROxEF6tPsN6wY0OhbwStHJWAFKVX7y2wYmZ2jzfFS1lJBjn2lu2JhV3W5v7iocR8gWUf1kKbqQ3YNbyEw==",
        "dependencies": {
          "@inquirer/checkbox": "@inquirer/checkbox@2.3.1",
          "@inquirer/confirm": "@inquirer/confirm@3.1.5",
          "@inquirer/editor": "@inquirer/editor@2.1.5",
          "@inquirer/expand": "@inquirer/expand@2.1.5",
          "@inquirer/input": "@inquirer/input@2.1.5",
          "@inquirer/password": "@inquirer/password@2.1.5",
          "@inquirer/rawlist": "@inquirer/rawlist@2.1.5",
          "@inquirer/select": "@inquirer/select@2.3.1"
        }
      },
      "@inquirer/rawlist@2.1.5": {
        "integrity": "sha512-gy/vHQYGGU9r/6dUvPKv5nBKcgxXvX+wnLJy6C5A0arMvC5rjgqf9/6fnvM1fQcjoRr6HReIoSrrzw7pqF57BQ==",
        "dependencies": {
          "@inquirer/core": "@inquirer/core@8.0.1",
          "@inquirer/type": "@inquirer/type@1.3.0",
          "chalk": "chalk@4.1.2"
        }
      },
      "@inquirer/select@2.3.1": {
        "integrity": "sha512-UagbSdmSjeoukHLXqkDQi2ewiGEogUyxaOeKeH34Ngmc/2z+S8u4JsJWToMJNKIHjEtoTFdlYpFrxCxapp06nQ==",
        "dependencies": {
          "@inquirer/core": "@inquirer/core@8.0.1",
          "@inquirer/figures": "@inquirer/figures@1.0.1",
          "@inquirer/type": "@inquirer/type@1.3.0",
          "ansi-escapes": "ansi-escapes@4.3.2",
          "chalk": "chalk@4.1.2"
        }
      },
      "@inquirer/type@1.3.0": {
        "integrity": "sha512-RW4Zf6RCTnInRaOZuRHTqAUl+v6VJuQGglir7nW2BkT3OXOphMhkIFhvFRjorBx2l0VwtC/M4No8vYR65TdN9Q==",
        "dependencies": {}
      },
      "@touch4it/ical-timezones@1.9.0": {
        "integrity": "sha512-UAiZMrFlgMdOIaJDPsKu5S7OecyMLr3GGALJTYkRgHmsHAA/8Ixm1qD09ELP2X7U1lqgrctEgvKj9GzMbczC+g==",
        "dependencies": {}
      },
      "@types/mute-stream@0.0.1": {
        "integrity": "sha512-0yQLzYhCqGz7CQPE3iDmYjhb7KMBFOP+tBkyw+/Y2YyDI5wpS7itXXxneN1zSsUwWx3Ji6YiVYrhAnpQGS/vkw==",
        "dependencies": {
          "@types/node": "@types/node@18.16.19"
        }
      },
      "@types/mute-stream@0.0.4": {
        "integrity": "sha512-CPM9nzrCPPJHQNA9keH9CVkVI+WR5kMa+7XEs5jcGQ0VoAGnLv242w8lIVgwAEfmE4oufJRaTc9PNLQl0ioAow==",
        "dependencies": {
          "@types/node": "@types/node@18.16.19"
        }
      },
      "@types/node@18.16.19": {
        "integrity": "sha512-IXl7o+R9iti9eBW4Wg2hx1xQDig183jj7YLn8F7udNceyfkbn1ZxmzZXuak20gR40D7pIkIY1kYGx5VIGbaHKA==",
        "dependencies": {}
      },
      "@types/node@20.12.7": {
        "integrity": "sha512-wq0cICSkRLVaf3UGLMGItu/PtdY7oaXaI/RVU+xliKVOtRna3PRY57ZDfztpDL0n11vfymMUnXv8QwYCO7L1wg==",
        "dependencies": {
          "undici-types": "undici-types@5.26.5"
        }
      },
      "@types/wrap-ansi@3.0.0": {
        "integrity": "sha512-ltIpx+kM7g/MLRZfkbL7EsCEjfzCcScLpkg37eXEtx5kmrAKBkTJwd1GIAjDSL8wTpM6Hzn5YO4pSb91BEwu1g==",
        "dependencies": {}
      },
      "ansi-escapes@4.3.2": {
        "integrity": "sha512-gKXj5ALrKWQLsYG9jlTRmR/xKluxHV+Z9QEwNIgCfM1/uwPMCuzVVnh5mwTd+OuBZcwSIMbqssNWRm1lE51QaQ==",
        "dependencies": {
          "type-fest": "type-fest@0.21.3"
        }
      },
      "ansi-regex@5.0.1": {
        "integrity": "sha512-quJQXlTSUGL2LH9SUXo8VwsY4soanhgo6LNSm84E1LBcE8s3O0wpdiRzyR9z/ZZJMlMWv37qOOb9pdJlMUEKFQ==",
        "dependencies": {}
      },
      "ansi-styles@4.3.0": {
        "integrity": "sha512-zbB9rCJAT1rbjiVDb2hqKFHNYLxgtk8NURxZ3IZwD3F6NtxbXZQCnnSi1Lkx+IDohdPlFp222wVALIheZJQSEg==",
        "dependencies": {
          "color-convert": "color-convert@2.0.1"
        }
      },
      "chalk@4.1.2": {
        "integrity": "sha512-oKnbhFyRIXpUuez8iBMmyEa4nbj4IOQyuhc/wy9kY7/WVPcwIO9VA668Pu8RkO7+0G76SLROeyw9CpQ061i4mA==",
        "dependencies": {
          "ansi-styles": "ansi-styles@4.3.0",
          "supports-color": "supports-color@7.2.0"
        }
      },
      "chardet@0.7.0": {
        "integrity": "sha512-mT8iDcrh03qDGRRmoA2hmBJnxpllMR+0/0qlzjqZES6NdiWDcZkCNAk4rPFZ9Q85r27unkiNNg8ZOiwZXBHwcA==",
        "dependencies": {}
      },
      "cli-spinners@2.9.2": {
        "integrity": "sha512-ywqV+5MmyL4E7ybXgKys4DugZbX0FC6LnwrhjuykIjnK9k8OQacQ7axGKnjDXWNhns0xot3bZI5h55H8yo9cJg==",
        "dependencies": {}
      },
      "cli-width@4.1.0": {
        "integrity": "sha512-ouuZd4/dm2Sw5Gmqy6bGyNNNe1qt9RpmxveLSO7KcgsTnU7RXfsw+/bukWGo1abgBiMAic068rclZsO4IWmmxQ==",
        "dependencies": {}
      },
      "color-convert@2.0.1": {
        "integrity": "sha512-RRECPsj7iu/xb5oKYcsFHSppFNnsj/52OVTRKb4zP5onXwVF3zVmmToNcOfGC+CRDpfK/U584fMg38ZHCaElKQ==",
        "dependencies": {
          "color-name": "color-name@1.1.4"
        }
      },
      "color-name@1.1.4": {
        "integrity": "sha512-dOy+3AuW3a2wNbZHIuMZpTcgjGuLU/uBL/ubcZF9OXbDo8ff4O8yVp5Bf0efS8uEoYo5q4Fx7dY9OgQGXgAsQA==",
        "dependencies": {}
      },
      "dayjs@1.11.10": {
        "integrity": "sha512-vjAczensTgRcqDERK0SR2XMwsF/tSvnvlv6VcF2GIhg6Sx4yOIt/irsr1RDJsKiIyBzJDpCoXiWWq28MqH2cnQ==",
        "dependencies": {}
      },
      "dedent@1.5.3": {
        "integrity": "sha512-NHQtfOOW68WD8lgypbLA5oT+Bt0xXJhiYvoR6SmmNXZfpzOGXwdKWmcwG8N7PwVVWV3eF/68nmD9BaJSsTBhyQ==",
        "dependencies": {}
      },
      "emoji-regex@8.0.0": {
        "integrity": "sha512-MSjYzcWNOA0ewAHpz0MxpYFvwg6yjy1NG3xteoqz644VCo/RPgnr1/GGt+ic3iJTzQ8Eu3TdM14SawnVUmGE6A==",
        "dependencies": {}
      },
      "escape-string-regexp@1.0.5": {
        "integrity": "sha512-vbRorB5FUQWvla16U8R/qgaFIya2qGzwDrNmCZuYKrbdSUMG6I1ZCGQRefkRVhuOkIGVne7BQ35DSfo1qvJqFg==",
        "dependencies": {}
      },
      "escape-string-regexp@5.0.0": {
        "integrity": "sha512-/veY75JbMK4j1yjvuUxuVsiS/hr/4iHs9FTT6cgTexxdE0Ly/glccBAkloH/DofkjRbZU3bnoj38mOmhkZ0lHw==",
        "dependencies": {}
      },
      "external-editor@3.1.0": {
        "integrity": "sha512-hMQ4CX1p1izmuLYyZqLMO/qGNw10wSv9QDCPfzXfyFrOaCSSoRfqE1Kf1s5an66J5JZC62NewG+mK49jOCtQew==",
        "dependencies": {
          "chardet": "chardet@0.7.0",
          "iconv-lite": "iconv-lite@0.4.24",
          "tmp": "tmp@0.0.33"
        }
      },
      "figures@3.2.0": {
        "integrity": "sha512-yaduQFRKLXYOGgEn6AZau90j3ggSOyiqXU0F9JZfeXYhNa+Jk4X+s45A2zg5jns87GAFa34BBm2kXw4XpNcbdg==",
        "dependencies": {
          "escape-string-regexp": "escape-string-regexp@1.0.5"
        }
      },
      "figures@5.0.0": {
        "integrity": "sha512-ej8ksPF4x6e5wvK9yevct0UCXh8TTFlWGVLlgjZuoBH1HwjIfKE/IdL5mq89sFA7zELi1VhKpmtDnrs7zWyeyg==",
        "dependencies": {
          "escape-string-regexp": "escape-string-regexp@5.0.0",
          "is-unicode-supported": "is-unicode-supported@1.3.0"
        }
      },
      "has-flag@4.0.0": {
        "integrity": "sha512-EykJT/Q1KjTWctppgIAgfSO0tKVuZUjhgMr17kqTumMl6Afv3EISleU7qZUzoXDFTAHTDC4NOoG/ZxU3EvlMPQ==",
        "dependencies": {}
      },
      "ical-generator@7.1.0_dayjs@1.11.10": {
        "integrity": "sha512-mv7wW35+YHbaFDQGgFPSnn+SOiN805UvQL8VaMye6F6AgTQCDlT8dc0XIndCHgp22KvOdJ0po795QHoPIAq+kA==",
        "dependencies": {
          "dayjs": "dayjs@1.11.10",
          "uuid-random": "uuid-random@1.3.2"
        }
      },
      "iconv-lite@0.4.24": {
        "integrity": "sha512-v3MXnZAcvnywkTUEZomIActle7RXXeedOR31wwl7VlyoXO4Qi9arvSenNQWne1TcRwhCL1HwLI21bEqdpj8/rA==",
        "dependencies": {
          "safer-buffer": "safer-buffer@2.1.2"
        }
      },
      "inquirer-autocomplete-standalone@0.8.1": {
        "integrity": "sha512-mlzwCTiXDX1Cw4yJL5PCq32k23XYLTK8K6BDFoL1a76iJeFB5ul6IoMU9spgdDagl2SM7P6ZaCNjj8VNXRDPOQ==",
        "dependencies": {
          "@inquirer/core": "@inquirer/core@3.1.2",
          "@inquirer/type": "@inquirer/type@1.3.0",
          "figures": "figures@5.0.0",
          "picocolors": "picocolors@1.0.0"
        }
      },
      "is-fullwidth-code-point@3.0.0": {
        "integrity": "sha512-zymm5+u+sCsSWyD9qNaejV3DFvhCKclKdizYaJUuHA83RLjb7nSuGnddCHGv0hk+KY7BMAlsWeK4Ueg6EV6XQg==",
        "dependencies": {}
      },
      "is-unicode-supported@1.3.0": {
        "integrity": "sha512-43r2mRvz+8JRIKnWJ+3j8JtjRKZ6GmjzfaE/qiBJnikNnYv/6bagRJ1kUhNk8R5EX/GkobD+r+sfxCPJsiKBLQ==",
        "dependencies": {}
      },
      "mute-stream@1.0.0": {
        "integrity": "sha512-avsJQhyd+680gKXyG/sQc0nXaC6rBkPOfyHYcFb9+hdkqQkR9bdnkJ0AMZhke0oesPqIO+mFFJ+IdBc7mst4IA==",
        "dependencies": {}
      },
      "os-tmpdir@1.0.2": {
        "integrity": "sha512-D2FR03Vir7FIu45XBY20mTb+/ZSWB00sjU9jdQXt83gDrI4Ztz5Fs7/yy74g2N5SVQY4xY1qDr4rNddwYRVX0g==",
        "dependencies": {}
      },
      "picocolors@1.0.0": {
        "integrity": "sha512-1fygroTLlHu66zi26VoTDv8yRgm0Fccecssto+MhsZ0D/DGW2sm8E8AjW7NU5VVTRt5GxbeZ5qBuJr+HyLYkjQ==",
        "dependencies": {}
      },
      "run-async@3.0.0": {
        "integrity": "sha512-540WwVDOMxA6dN6We19EcT9sc3hkXPw5mzRNGM3FkdN/vtE9NFvj5lFAPNwUDmJjXidm3v7TC1cTE7t17Ulm1Q==",
        "dependencies": {}
      },
      "safer-buffer@2.1.2": {
        "integrity": "sha512-YZo3K82SD7Riyi0E1EQPojLz7kpepnSQI9IyPbHHg1XXXevb5dJI7tpyN2ADxGcQbHG7vcyRHk0cbwqcQriUtg==",
        "dependencies": {}
      },
      "signal-exit@4.1.0": {
        "integrity": "sha512-bzyZ1e88w9O1iNJbKnOlvYTrWPDl46O1bG0D3XInv+9tkPrxrN8jUUTiFlDkkmKWgn1M6CfIA13SuGqOa9Korw==",
        "dependencies": {}
      },
      "string-width@4.2.3": {
        "integrity": "sha512-wKyQRQpjJ0sIp62ErSZdGsjMJWsap5oRNihHhu6G7JVO/9jIB6UyevL+tXuOqrng8j/cxKTWyWUwvSTriiZz/g==",
        "dependencies": {
          "emoji-regex": "emoji-regex@8.0.0",
          "is-fullwidth-code-point": "is-fullwidth-code-point@3.0.0",
          "strip-ansi": "strip-ansi@6.0.1"
        }
      },
      "strip-ansi@6.0.1": {
        "integrity": "sha512-Y38VPSHcqkFrCpFnQ9vuSXmquuv5oXOKpGeT6aGrr3o3Gc9AlVa6JBfUSOCnbxGGZF+/0ooI7KrPuUSztUdU5A==",
        "dependencies": {
          "ansi-regex": "ansi-regex@5.0.1"
        }
      },
      "supports-color@7.2.0": {
        "integrity": "sha512-qpCAvRl9stuOHveKsn7HncJRvv501qIacKzQlO/+Lwxc9+0q2wLyv4Dfvt80/DPn2pqOBsJdDiogXGR9+OvwRw==",
        "dependencies": {
          "has-flag": "has-flag@4.0.0"
        }
      },
      "tmp@0.0.33": {
        "integrity": "sha512-jRCJlojKnZ3addtTOjdIqoRuPEKBvNXcGYqzO6zWZX8KfKEpnGY5jfggJQ3EjKuu8D4bJRr0y+cYJFmYbImXGw==",
        "dependencies": {
          "os-tmpdir": "os-tmpdir@1.0.2"
        }
      },
      "type-fest@0.21.3": {
        "integrity": "sha512-t0rzBq87m3fVcduHDUFhKmyyX+9eo6WQjZvf51Ea/M0Q7+T374Jp1aUiyUl0GKxp8M/OETVHSDvmkyPgvX+X2w==",
        "dependencies": {}
      },
      "undici-types@5.26.5": {
        "integrity": "sha512-JlCMO+ehdEIKqlFxk6IfVoAUVmgz7cU7zD/h9XZ0qzeosSHmUJVOzSQvvYSYWXkFXC+IfLKSIffhv0sVZup6pA==",
        "dependencies": {}
      },
      "uuid-random@1.3.2": {
        "integrity": "sha512-UOzej0Le/UgkbWEO8flm+0y+G+ljUon1QWTEZOq1rnMAsxo2+SckbiZdKzAHHlVh6gJqI1TjC/xwgR50MuCrBQ==",
        "dependencies": {}
      },
      "wrap-ansi@6.2.0": {
        "integrity": "sha512-r6lPcBGxZXlIcymEu7InxDMhdW0KDxpLgoFLcguasxCaJ/SOIZwINatK9KY/tf+ZrlywOKU0UDj3ATXUBfxJXA==",
        "dependencies": {
          "ansi-styles": "ansi-styles@4.3.0",
          "string-width": "string-width@4.2.3",
          "strip-ansi": "strip-ansi@6.0.1"
        }
      }
    }
  },
  "remote": {
    "https://deno.land/x/deno_dom@v0.1.45/build/deno-wasm/deno-wasm.js": "d6841a06342eb6a2798ef28de79ad69c0f2fa349fa04d3ca45e5fcfbf50a9340",
    "https://deno.land/x/deno_dom@v0.1.45/deno-dom-wasm.ts": "a33d160421bbb6e3104285ea5ebf33352b7ad50d82ea8765e3cf65f972b25119",
    "https://deno.land/x/deno_dom@v0.1.45/src/api.ts": "0ff5790f0a3eeecb4e00b7d8fbfa319b165962cf6d0182a65ba90f158d74f7d7",
    "https://deno.land/x/deno_dom@v0.1.45/src/constructor-lock.ts": "59714df7e0571ec7bd338903b1f396202771a6d4d7f55a452936bd0de9deb186",
    "https://deno.land/x/deno_dom@v0.1.45/src/deserialize.ts": "1cf4096678d8afed8ed28dbad690504c4d2c28149ba768b26eacd1416873425b",
    "https://deno.land/x/deno_dom@v0.1.45/src/dom/document-fragment.ts": "1c7352a3c816587ed7fad574b42636198f680f17abc3836fcfe7799b31e7718f",
    "https://deno.land/x/deno_dom@v0.1.45/src/dom/document.ts": "a182727dd9179e5712e31be66f4f72b766a5b714c765a75950babe6dd756b4ee",
    "https://deno.land/x/deno_dom@v0.1.45/src/dom/dom-parser.ts": "609097b426f8c2358f3e5d2bca55ed026cf26cdf86562e94130dfdb0f2537f92",
    "https://deno.land/x/deno_dom@v0.1.45/src/dom/element.ts": "d5371cd83ff2128353c1975465c368ef83d7441568626b386557deba51315111",
    "https://deno.land/x/deno_dom@v0.1.45/src/dom/elements/html-template-element.ts": "740b97a5378c9a14cccf3429299846eda240b613013e2d2d7f20b393897453c2",
    "https://deno.land/x/deno_dom@v0.1.45/src/dom/html-collection.ts": "829a965f419f8286d5f43a12e27886d10836d519ca2d5e74cb3f2e1d35f35746",
    "https://deno.land/x/deno_dom@v0.1.45/src/dom/node-list.ts": "9008303fe236e40e74f9f93e398bd173d2e9b09065932a0153dd0142c759397b",
    "https://deno.land/x/deno_dom@v0.1.45/src/dom/node.ts": "3069e6fc93ac4111a136ed68199d76673339842b9751610ba06f111ba7dc10a7",
    "https://deno.land/x/deno_dom@v0.1.45/src/dom/selectors/custom-api.ts": "852696bd58e534bc41bd3be9e2250b60b67cd95fd28ed16b1deff1d548531a71",
    "https://deno.land/x/deno_dom@v0.1.45/src/dom/selectors/nwsapi-types.ts": "c43b36c36acc5d32caabaa54fda8c9d239b2b0fcbce9a28efb93c84aa1021698",
    "https://deno.land/x/deno_dom@v0.1.45/src/dom/selectors/nwsapi.js": "985d7d8fc1eabbb88946b47a1c44c1b2d4aa79ff23c21424219f1528fa27a2ff",
    "https://deno.land/x/deno_dom@v0.1.45/src/dom/selectors/selectors.ts": "83eab57be2290fb48e3130533448c93c6c61239f2a2f3b85f1917f80ca0fdc75",
    "https://deno.land/x/deno_dom@v0.1.45/src/dom/selectors/sizzle-types.ts": "78149e2502409989ce861ed636b813b059e16bc267bb543e7c2b26ef43e4798b",
    "https://deno.land/x/deno_dom@v0.1.45/src/dom/selectors/sizzle.js": "c3aed60c1045a106d8e546ac2f85cc82e65f62d9af2f8f515210b9212286682a",
    "https://deno.land/x/deno_dom@v0.1.45/src/dom/utils-types.ts": "96db30e3e4a75b194201bb9fa30988215da7f91b380fca6a5143e51ece2a8436",
    "https://deno.land/x/deno_dom@v0.1.45/src/dom/utils.ts": "4c6206516fb8f61f37a209c829e812c4f5a183e46d082934dd14c91bde939263",
    "https://deno.land/x/deno_dom@v0.1.45/src/parser.ts": "e06b2300d693e6ae7564e53dfa5c9a9e97fdb8c044c39c52c8b93b5d60860be3"
  }
}
